// !$*UTF8*$!
{
	archiveVersion = 1;
	classes = {
	};
	objectVersion = 56;
	objects = {

/* Begin PBXBuildFile section */
		68868D4D29A3AB710059096A /* alura_viagensApp.swift in Sources */ = {isa = PBXBuildFile; fileRef = 68868D4C29A3AB710059096A /* alura_viagensApp.swift */; };
		68868D4F29A3AB710059096A /* ContentView.swift in Sources */ = {isa = PBXBuildFile; fileRef = 68868D4E29A3AB710059096A /* ContentView.swift */; };
		68868D5129A3AB720059096A /* Assets.xcassets in Resources */ = {isa = PBXBuildFile; fileRef = 68868D5029A3AB720059096A /* Assets.xcassets */; };
		68868D5429A3AB720059096A /* Preview Assets.xcassets in Resources */ = {isa = PBXBuildFile; fileRef = 68868D5329A3AB720059096A /* Preview Assets.xcassets */; };
		68D14D8529A3C03500793703 /* Viagem.swift in Sources */ = {isa = PBXBuildFile; fileRef = 68D14D8329A3C03400793703 /* Viagem.swift */; };
		68D14D8629A3C03500793703 /* Dados.swift in Sources */ = {isa = PBXBuildFile; fileRef = 68D14D8429A3C03500793703 /* Dados.swift */; };
		68D14D8829A3C04700793703 /* viagens.json in Resources */ = {isa = PBXBuildFile; fileRef = 68D14D8729A3C04700793703 /* viagens.json */; };
		68D14D8B29A3CA8400793703 /* HeaderView.swift in Sources */ = {isa = PBXBuildFile; fileRef = 68D14D8A29A3CA8400793703 /* HeaderView.swift */; };
		68D14D8D29A3CBBA00793703 /* CelulaViagemView.swift in Sources */ = {isa = PBXBuildFile; fileRef = 68D14D8C29A3CBBA00793703 /* CelulaViagemView.swift */; };
		68D14D8F29A4202300793703 /* MapaView.swift in Sources */ = {isa = PBXBuildFile; fileRef = 68D14D8E29A4202200793703 /* MapaView.swift */; };
/* End PBXBuildFile section */

/* Begin PBXFileReference section */
		68868D4929A3AB710059096A /* alura-viagens.app */ = {isa = PBXFileReference; explicitFileType = wrapper.application; includeInIndex = 0; path = "alura-viagens.app"; sourceTree = BUILT_PRODUCTS_DIR; };
		68868D4C29A3AB710059096A /* alura_viagensApp.swift */ = {isa = PBXFileReference; lastKnownFileType = sourcecode.swift; path = alura_viagensApp.swift; sourceTree = "<group>"; };
		68868D4E29A3AB710059096A /* ContentView.swift */ = {isa = PBXFileReference; lastKnownFileType = sourcecode.swift; path = ContentView.swift; sourceTree = "<group>"; };
		68868D5029A3AB720059096A /* Assets.xcassets */ = {isa = PBXFileReference; lastKnownFileType = folder.assetcatalog; path = Assets.xcassets; sourceTree = "<group>"; };
		68868D5329A3AB720059096A /* Preview Assets.xcassets */ = {isa = PBXFileReference; lastKnownFileType = folder.assetcatalog; path = "Preview Assets.xcassets"; sourceTree = "<group>"; };
		68D14D8329A3C03400793703 /* Viagem.swift */ = {isa = PBXFileReference; lastKnownFileType = sourcecode.swift; path = Viagem.swift; sourceTree = "<group>"; };
		68D14D8429A3C03500793703 /* Dados.swift */ = {isa = PBXFileReference; lastKnownFileType = sourcecode.swift; path = Dados.swift; sourceTree = "<group>"; };
		68D14D8729A3C04700793703 /* viagens.json */ = {isa = PBXFileReference; fileEncoding = 4; lastKnownFileType = text.json; name = viagens.json; path = ../../../Desktop/Resources/viagens.json; sourceTree = "<group>"; };
		68D14D8A29A3CA8400793703 /* HeaderView.swift */ = {isa = PBXFileReference; lastKnownFileType = sourcecode.swift; path = HeaderView.swift; sourceTree = "<group>"; };
		68D14D8C29A3CBBA00793703 /* CelulaViagemView.swift */ = {isa = PBXFileReference; lastKnownFileType = sourcecode.swift; path = CelulaViagemView.swift; sourceTree = "<group>"; };
		68D14D8E29A4202200793703 /* MapaView.swift */ = {isa = PBXFileReference; lastKnownFileType = sourcecode.swift; path = MapaView.swift; sourceTree = "<group>"; };
/* End PBXFileReference section */

/* Begin PBXFrameworksBuildPhase section */
		68868D4629A3AB710059096A /* Frameworks */ = {
			isa = PBXFrameworksBuildPhase;
			buildActionMask = 2147483647;
			files = (
			);
			runOnlyForDeploymentPostprocessing = 0;
		};
/* End PBXFrameworksBuildPhase section */

/* Begin PBXGroup section */
		68868D4029A3AB710059096A = {
			isa = PBXGroup;
			children = (
				68868D4B29A3AB710059096A /* alura-viagens */,
				68868D4A29A3AB710059096A /* Products */,
			);
			sourceTree = "<group>";
		};
		68868D4A29A3AB710059096A /* Products */ = {
			isa = PBXGroup;
			children = (
				68868D4929A3AB710059096A /* alura-viagens.app */,
			);
			name = Products;
			sourceTree = "<group>";
		};
		68868D4B29A3AB710059096A /* alura-viagens */ = {
			isa = PBXGroup;
			children = (
				68D14D8929A3CA5B00793703 /* Views */,
				68D14D8729A3C04700793703 /* viagens.json */,
				68D14D8229A3C03400793703 /* Models */,
				68868D4C29A3AB710059096A /* alura_viagensApp.swift */,
				68868D4E29A3AB710059096A /* ContentView.swift */,
				68868D5029A3AB720059096A /* Assets.xcassets */,
				68868D5229A3AB720059096A /* Preview Content */,
			);
			path = "alura-viagens";
			sourceTree = "<group>";
		};
		68868D5229A3AB720059096A /* Preview Content */ = {
			isa = PBXGroup;
			children = (
				68868D5329A3AB720059096A /* Preview Assets.xcassets */,
			);
			path = "Preview Content";
			sourceTree = "<group>";
		};
		68D14D8229A3C03400793703 /* Models */ = {
			isa = PBXGroup;
			children = (
				68D14D8429A3C03500793703 /* Dados.swift */,
				68D14D8329A3C03400793703 /* Viagem.swift */,
			);
			path = Models;
			sourceTree = "<group>";
		};
		68D14D8929A3CA5B00793703 /* Views */ = {
			isa = PBXGroup;
			children = (
				68D14D8A29A3CA8400793703 /* HeaderView.swift */,
				68D14D8C29A3CBBA00793703 /* CelulaViagemView.swift */,
				68D14D8E29A4202200793703 /* MapaView.swift */,
			);
			path = Views;
			sourceTree = "<group>";
		};
/* End PBXGroup section */

/* Begin PBXNativeTarget section */
		68868D4829A3AB710059096A /* alura-viagens */ = {
			isa = PBXNativeTarget;
			buildConfigurationList = 68868D5729A3AB720059096A /* Build configuration list for PBXNativeTarget "alura-viagens" */;
			buildPhases = (
				68868D4529A3AB710059096A /* Sources */,
				68868D4629A3AB710059096A /* Frameworks */,
				68868D4729A3AB710059096A /* Resources */,
			);
			buildRules = (
			);
			dependencies = (
			);
			name = "alura-viagens";
			productName = "alura-viagens";
			productReference = 68868D4929A3AB710059096A /* alura-viagens.app */;
			productType = "com.apple.product-type.application";
		};
/* End PBXNativeTarget section */

/* Begin PBXProject section */
		68868D4129A3AB710059096A /* Project object */ = {
			isa = PBXProject;
			attributes = {
				BuildIndependentTargetsInParallel = 1;
				LastSwiftUpdateCheck = 1420;
				LastUpgradeCheck = 1420;
				TargetAttributes = {
					68868D4829A3AB710059096A = {
						CreatedOnToolsVersion = 14.2;
					};
				};
			};
			buildConfigurationList = 68868D4429A3AB710059096A /* Build configuration list for PBXProject "alura-viagens" */;
			compatibilityVersion = "Xcode 14.0";
			developmentRegion = en;
			hasScannedForEncodings = 0;
			knownRegions = (
				en,
				Base,
			);
			mainGroup = 68868D4029A3AB710059096A;
			productRefGroup = 68868D4A29A3AB710059096A /* Products */;
			projectDirPath = "";
			projectRoot = "";
			targets = (
				68868D4829A3AB710059096A /* alura-viagens */,
			);
		};
/* End PBXProject section */

/* Begin PBXResourcesBuildPhase section */
		68868D4729A3AB710059096A /* Resources */ = {
			isa = PBXResourcesBuildPhase;
			buildActionMask = 2147483647;
			files = (
				68868D5429A3AB720059096A /* Preview Assets.xcassets in Resources */,
				68868D5129A3AB720059096A /* Assets.xcassets in Resources */,
				68D14D8829A3C04700793703 /* viagens.json in Resources */,
			);
			runOnlyForDeploymentPostprocessing = 0;
		};
/* End PBXResourcesBuildPhase section */

/* Begin PBXSourcesBuildPhase section */
		68868D4529A3AB710059096A /* Sources */ = {
			isa = PBXSourcesBuildPhase;
			buildActionMask = 2147483647;
			files = (
				68D14D8629A3C03500793703 /* Dados.swift in Sources */,
				68D14D8F29A4202300793703 /* MapaView.swift in Sources */,
				68868D4F29A3AB710059096A /* ContentView.swift in Sources */,
				68868D4D29A3AB710059096A /* alura_viagensApp.swift in Sources */,
				68D14D8529A3C03500793703 /* Viagem.swift in Sources */,
				68D14D8B29A3CA8400793703 /* HeaderView.swift in Sources */,
				68D14D8D29A3CBBA00793703 /* CelulaViagemView.swift in Sources */,
			);
			runOnlyForDeploymentPostprocessing = 0;
		};
/* End PBXSourcesBuildPhase section */

/* Begin XCBuildConfiguration section */
		68868D5529A3AB720059096A /* Debug */ = {
			isa = XCBuildConfiguration;
			buildSettings = {
				ALWAYS_SEARCH_USER_PATHS = NO;
				CLANG_ANALYZER_NONNULL = YES;
				CLANG_ANALYZER_NUMBER_OBJECT_CONVERSION = YES_AGGRESSIVE;
				CLANG_CXX_LANGUAGE_STANDARD = "gnu++20";
				CLANG_ENABLE_MODULES = YES;
				CLANG_ENABLE_OBJC_ARC = YES;
				CLANG_ENABLE_OBJC_WEAK = YES;
				CLANG_WARN_BLOCK_CAPTURE_AUTORELEASING = YES;
				CLANG_WARN_BOOL_CONVERSION = YES;
				CLANG_WARN_COMMA = YES;
				CLANG_WARN_CONSTANT_CONVERSION = YES;
				CLANG_WARN_DEPRECATED_OBJC_IMPLEMENTATIONS = YES;
				CLANG_WARN_DIRECT_OBJC_ISA_USAGE = YES_ERROR;
				CLANG_WARN_DOCUMENTATION_COMMENTS = YES;
				CLANG_WARN_EMPTY_BODY = YES;
				CLANG_WARN_ENUM_CONVERSION = YES;
				CLANG_WARN_INFINITE_RECURSION = YES;
				CLANG_WARN_INT_CONVERSION = YES;
				CLANG_WARN_NON_LITERAL_NULL_CONVERSION = YES;
				CLANG_WARN_OBJC_IMPLICIT_RETAIN_SELF = YES;
				CLANG_WARN_OBJC_LITERAL_CONVERSION = YES;
				CLANG_WARN_OBJC_ROOT_CLASS = YES_ERROR;
				CLANG_WARN_QUOTED_INCLUDE_IN_FRAMEWORK_HEADER = YES;
				CLANG_WARN_RANGE_LOOP_ANALYSIS = YES;
				CLANG_WARN_STRICT_PROTOTYPES = YES;
				CLANG_WARN_SUSPICIOUS_MOVE = YES;
				CLANG_WARN_UNGUARDED_AVAILABILITY = YES_AGGRESSIVE;
				CLANG_WARN_UNREACHABLE_CODE = YES;
				CLANG_WARN__DUPLICATE_METHOD_MATCH = YES;
				COPY_PHASE_STRIP = NO;
				DEBUG_INFORMATION_FORMAT = dwarf;
				ENABLE_STRICT_OBJC_MSGSEND = YES;
				ENABLE_TESTABILITY = YES;
				GCC_C_LANGUAGE_STANDARD = gnu11;
				GCC_DYNAMIC_NO_PIC = NO;
				GCC_NO_COMMON_BLOCKS = YES;
				GCC_OPTIMIZATION_LEVEL = 0;
				GCC_PREPROCESSOR_DEFINITIONS = (
					"DEBUG=1",
					"$(inherited)",
				);
				GCC_WARN_64_TO_32_BIT_CONVERSION = YES;
				GCC_WARN_ABOUT_RETURN_TYPE = YES_ERROR;
				GCC_WARN_UNDECLARED_SELECTOR = YES;
				GCC_WARN_UNINITIALIZED_AUTOS = YES_AGGRESSIVE;
				GCC_WARN_UNUSED_FUNCTION = YES;
				GCC_WARN_UNUSED_VARIABLE = YES;
				IPHONEOS_DEPLOYMENT_TARGET = 16.2;
				MTL_ENABLE_DEBUG_INFO = INCLUDE_SOURCE;
				MTL_FAST_MATH = YES;
				ONLY_ACTIVE_ARCH = YES;
				SDKROOT = iphoneos;
				SWIFT_ACTIVE_COMPILATION_CONDITIONS = DEBUG;
				SWIFT_OPTIMIZATION_LEVEL = "-Onone";
			};
			name = Debug;
		};
		68868D5629A3AB720059096A /* Release */ = {
			isa = XCBuildConfiguration;
			buildSettings = {
				ALWAYS_SEARCH_USER_PATHS = NO;
				CLANG_ANALYZER_NONNULL = YES;
				CLANG_ANALYZER_NUMBER_OBJECT_CONVERSION = YES_AGGRESSIVE;
				CLANG_CXX_LANGUAGE_STANDARD = "gnu++20";
				CLANG_ENABLE_MODULES = YES;
				CLANG_ENABLE_OBJC_ARC = YES;
				CLANG_ENABLE_OBJC_WEAK = YES;
				CLANG_WARN_BLOCK_CAPTURE_AUTORELEASING = YES;
				CLANG_WARN_BOOL_CONVERSION = YES;
				CLANG_WARN_COMMA = YES;
				CLANG_WARN_CONSTANT_CONVERSION = YES;
				CLANG_WARN_DEPRECATED_OBJC_IMPLEMENTATIONS = YES;
				CLANG_WARN_DIRECT_OBJC_ISA_USAGE = YES_ERROR;
				CLANG_WARN_DOCUMENTATION_COMMENTS = YES;
				CLANG_WARN_EMPTY_BODY = YES;
				CLANG_WARN_ENUM_CONVERSION = YES;
				CLANG_WARN_INFINITE_RECURSION = YES;
				CLANG_WARN_INT_CONVERSION = YES;
				CLANG_WARN_NON_LITERAL_NULL_CONVERSION = YES;
				CLANG_WARN_OBJC_IMPLICIT_RETAIN_SELF = YES;
				CLANG_WARN_OBJC_LITERAL_CONVERSION = YES;
				CLANG_WARN_OBJC_ROOT_CLASS = YES_ERROR;
				CLANG_WARN_QUOTED_INCLUDE_IN_FRAMEWORK_HEADER = YES;
				CLANG_WARN_RANGE_LOOP_ANALYSIS = YES;
				CLANG_WARN_STRICT_PROTOTYPES = YES;
				CLANG_WARN_SUSPICIOUS_MOVE = YES;
				CLANG_WARN_UNGUARDED_AVAILABILITY = YES_AGGRESSIVE;
				CLANG_WARN_UNREACHABLE_CODE = YES;
				CLANG_WARN__DUPLICATE_METHOD_MATCH = YES;
				COPY_PHASE_STRIP = NO;
				DEBUG_INFORMATION_FORMAT = "dwarf-with-dsym";
				ENABLE_NS_ASSERTIONS = NO;
				ENABLE_STRICT_OBJC_MSGSEND = YES;
				GCC_C_LANGUAGE_STANDARD = gnu11;
				GCC_NO_COMMON_BLOCKS = YES;
				GCC_WARN_64_TO_32_BIT_CONVERSION = YES;
				GCC_WARN_ABOUT_RETURN_TYPE = YES_ERROR;
				GCC_WARN_UNDECLARED_SELECTOR = YES;
				GCC_WARN_UNINITIALIZED_AUTOS = YES_AGGRESSIVE;
				GCC_WARN_UNUSED_FUNCTION = YES;
				GCC_WARN_UNUSED_VARIABLE = YES;
				IPHONEOS_DEPLOYMENT_TARGET = 16.2;
				MTL_ENABLE_DEBUG_INFO = NO;
				MTL_FAST_MATH = YES;
				SDKROOT = iphoneos;
				SWIFT_COMPILATION_MODE = wholemodule;
				SWIFT_OPTIMIZATION_LEVEL = "-O";
				VALIDATE_PRODUCT = YES;
			};
			name = Release;
		};
		68868D5829A3AB720059096A /* Debug */ = {
			isa = XCBuildConfiguration;
			buildSettings = {
				ASSETCATALOG_COMPILER_APPICON_NAME = AppIcon;
				ASSETCATALOG_COMPILER_GLOBAL_ACCENT_COLOR_NAME = AccentColor;
				CODE_SIGN_STYLE = Automatic;
				CURRENT_PROJECT_VERSION = 1;
				DEVELOPMENT_ASSET_PATHS = "\"alura-viagens/Preview Content\"";
				DEVELOPMENT_TEAM = 732277KLEB;
				ENABLE_PREVIEWS = YES;
				GENERATE_INFOPLIST_FILE = YES;
				INFOPLIST_KEY_UIApplicationSceneManifest_Generation = YES;
				INFOPLIST_KEY_UIApplicationSupportsIndirectInputEvents = YES;
				INFOPLIST_KEY_UILaunchScreen_Generation = YES;
				INFOPLIST_KEY_UISupportedInterfaceOrientations_iPad = "UIInterfaceOrientationPortrait UIInterfaceOrientationPortraitUpsideDown UIInterfaceOrientationLandscapeLeft UIInterfaceOrientationLandscapeRight";
				INFOPLIST_KEY_UISupportedInterfaceOrientations_iPhone = "UIInterfaceOrientationPortrait UIInterfaceOrientationLandscapeLeft UIInterfaceOrientationLandscapeRight";
				LD_RUNPATH_SEARCH_PATHS = (
					"$(inherited)",
					"@executable_path/Frameworks",
				);
				MARKETING_VERSION = 1.0;
				PRODUCT_BUNDLE_IDENTIFIER = "br.com.michellicristina.alura-viagens";
				PRODUCT_NAME = "$(TARGET_NAME)";
				SWIFT_EMIT_LOC_STRINGS = YES;
				SWIFT_VERSION = 5.0;
				TARGETED_DEVICE_FAMILY = "1,2";
			};
			name = Debug;
		};
		68868D5929A3AB720059096A /* Release */ = {
			isa = XCBuildConfiguration;
			buildSettings = {
				ASSETCATALOG_COMPILER_APPICON_NAME = AppIcon;
				ASSETCATALOG_COMPILER_GLOBAL_ACCENT_COLOR_NAME = AccentColor;
				CODE_SIGN_STYLE = Automatic;
				CURRENT_PROJECT_VERSION = 1;
				DEVELOPMENT_ASSET_PATHS = "\"alura-viagens/Preview Content\"";
				DEVELOPMENT_TEAM = 732277KLEB;
				ENABLE_PREVIEWS = YES;
				GENERATE_INFOPLIST_FILE = YES;
				INFOPLIST_KEY_UIApplicationSceneManifest_Generation = YES;
				INFOPLIST_KEY_UIApplicationSupportsIndirectInputEvents = YES;
				INFOPLIST_KEY_UILaunchScreen_Generation = YES;
				INFOPLIST_KEY_UISupportedInterfaceOrientations_iPad = "UIInterfaceOrientationPortrait UIInterfaceOrientationPortraitUpsideDown UIInterfaceOrientationLandscapeLeft UIInterfaceOrientationLandscapeRight";
				INFOPLIST_KEY_UISupportedInterfaceOrientations_iPhone = "UIInterfaceOrientationPortrait UIInterfaceOrientationLandscapeLeft UIInterfaceOrientationLandscapeRight";
				LD_RUNPATH_SEARCH_PATHS = (
					"$(inherited)",
					"@executable_path/Frameworks",
				);
				MARKETING_VERSION = 1.0;
				PRODUCT_BUNDLE_IDENTIFIER = "br.com.michellicristina.alura-viagens";
				PRODUCT_NAME = "$(TARGET_NAME)";
				SWIFT_EMIT_LOC_STRINGS = YES;
				SWIFT_VERSION = 5.0;
				TARGETED_DEVICE_FAMILY = "1,2";
			};
			name = Release;
		};
/* End XCBuildConfiguration section */

/* Begin XCConfigurationList section */
		68868D4429A3AB710059096A /* Build configuration list for PBXProject "alura-viagens" */ = {
			isa = XCConfigurationList;
			buildConfigurations = (
				68868D5529A3AB720059096A /* Debug */,
				68868D5629A3AB720059096A /* Release */,
			);
			defaultConfigurationIsVisible = 0;
			defaultConfigurationName = Release;
		};
		68868D5729A3AB720059096A /* Build configuration list for PBXNativeTarget "alura-viagens" */ = {
			isa = XCConfigurationList;
			buildConfigurations = (
				68868D5829A3AB720059096A /* Debug */,
				68868D5929A3AB720059096A /* Release */,
			);
			defaultConfigurationIsVisible = 0;
			defaultConfigurationName = Release;
		};
/* End XCConfigurationList section */
	};
	rootObject = 68868D4129A3AB710059096A /* Project object */;
}
